{
  "name": "@reactway/forms",
  "version": "1.0.0",
  "lockfileVersion": 1,
  "requires": true,
  "dependencies": {
    "typescript": {
      "version": "3.7.0-beta",
      "resolved": "https://registry.npmjs.org/typescript/-/typescript-3.7.0-beta.tgz",
      "integrity": "sha512-4jyCX+IQamrPJxgkABPq9xf+hUN+GWHVxoj+oey1TadCPa4snQl1RKwUba+1dyzYCamwlCxKvZQ3TjyWLhMGBA==",
      "dev": true
    }
  }
}
