{
  "name": "@reactway/forms-core",
  "version": "1.0.0",
  "lockfileVersion": 1,
  "requires": true,
  "dependencies": {
    "@reactway/tiny-emitter": {
      "version": "1.0.2",
      "resolved": "https://registry.npmjs.org/@reactway/tiny-emitter/-/tiny-emitter-1.0.2.tgz",
      "integrity": "sha512-/v1YNwvoo67Tm1lZE8sNrfq5MtNQhRAy9nCL18g4Mt3D8CwTcK6X30ml1vfDcXYPsbSA2yiijxBqiNa3bWMQ6Q==",
      "requires": {
        "tslib": "^1.10.0"
      }
    },
    "@types/jest": {
      "version": "24.0.22",
      "resolved": "https://registry.npmjs.org/@types/jest/-/jest-24.0.22.tgz",
      "integrity": "sha512-t2OvhNZnrNjlzi2i0/cxbLVM59WN15I2r1Qtb7wDv28PnV9IzrPtagFRey/S9ezdLD0zyh1XGMQIEQND2YEfrw==",
      "requires": {
        "@types/jest-diff": "*"
      }
    },
    "@types/jest-diff": {
      "version": "20.0.1",
      "resolved": "https://registry.npmjs.org/@types/jest-diff/-/jest-diff-20.0.1.tgz",
      "integrity": "sha512-yALhelO3i0hqZwhjtcr6dYyaLoCHbAMshwtj6cGxTvHZAKXHsYGdff6E8EPw3xLKY0ELUTQ69Q1rQiJENnccMA=="
    },
    "immer": {
      "version": "4.0.1",
      "resolved": "https://registry.npmjs.org/immer/-/immer-4.0.1.tgz",
      "integrity": "sha512-qZFpWApnbubcJ03gvWa6zUQz2OTkDc6yINdFXI1lm2IoMYsiVVMrxvfeLDURFhUGJfsQysDUjHSXYnJfMMHAwQ=="
    },
    "tslib": {
      "version": "1.10.0",
      "resolved": "https://registry.npmjs.org/tslib/-/tslib-1.10.0.tgz",
      "integrity": "sha512-qOebF53frne81cf0S9B41ByenJ3/IuH8yJKngAX35CmiZySA0khhkovshKK+jGCaMnVomla7gVlIcc3EvKPbTQ=="
    },
    "typescript": {
      "version": "3.7.2",
      "resolved": "https://registry.npmjs.org/typescript/-/typescript-3.7.2.tgz",
      "integrity": "sha512-ml7V7JfiN2Xwvcer+XAf2csGO1bPBdRbFCkYBczNZggrBZ9c7G3riSUeJmqEU5uOtXNPMhE3n+R4FA/3YOAWOQ==",
      "dev": true
    }
  }
}
